# This file was autogenerated by Stack.
# You should not edit this file by hand.
# For more information, please see the documentation at:
#   https://docs.haskellstack.org/en/stable/lock_files

packages:
- completed:
    hackage: HDBC-sqlite3-2.3.3.1@sha256:5025fd94d02b9b3f0b8b8233796dd9a85a0b3dda6503c6e671e3eddbc51cb4d4,2424
    pantry-tree:
      size: 1427
      sha256: 76e71f73502350ed3fe5fc64604a21a3c8027d49fe6846183d53dbdaf583437a
  original:
    hackage: HDBC-sqlite3-2.3.3.1
- completed:
    hackage: pandoc-2.8@sha256:9e9aaa44cb7ae8800ef415380185154e8a0ac258c5de2a78fdceb8d01aafd1ac,35509
    pantry-tree:
      size: 85354
      sha256: 12b05cd28603aa43d2c12f402ec9429674b181a004f4ca88bbbfee5c7ebae1e8
  original:
    hackage: pandoc-2.8
- completed:
    hackage: pandoc-types-1.20@sha256:8362f8f1ed4404f5a2ffde3c6e64718a5443df88e6a93bbe59d992b1817f849a,4109
    pantry-tree:
      size: 855
      sha256: 7fc1ea08fc800b6ba6c62389fcc9a803e98d30aa886627534b90fc5d5410f492
  original:
    hackage: pandoc-types-1.20
- completed:
    hackage: haddock-library-1.8.0@sha256:293544a80c3d817a021fec69c430e808914a9d86db0c6bd6e96a386607a66627,3850
    pantry-tree:
      size: 3397
      sha256: 2fb23fd09565829807a0368011cd57ea13e9a79fa4c65a47810aaf9a528427c2
  original:
    hackage: haddock-library-1.8.0
- completed:
    hackage: doctemplates-0.7.1@sha256:2ae4312bffa4e07eba769cd72d56b745d0d8ee75f4caf1bef0205841e45af156,3078
    pantry-tree:
      size: 2253
      sha256: f9b5c780ec354779f5ea6803dc1579156c9e090cf111864c3a4932c290e14832
  original:
    hackage: doctemplates-0.7.1
- completed:
    hackage: doclayout-0.2.0.1@sha256:0410e40c4fa8e299b4f5fa03d378111b9d0effdf59134c95882a160637887ba8,2063
    pantry-tree:
      size: 424
      sha256: d43cc75d1a016cb5c5029ec1e00306192631a344f1453c2c0f25e9370452a8b4
  original:
    hackage: doclayout-0.2.0.1
- completed:
    hackage: regex-pcre-builtin-0.95.1.1.8.43@sha256:2d671af361adf1776fde182a687bb6da022b1e5e3b0a064ce264289de63564a5,3088
    pantry-tree:
      size: 2587
      sha256: 9224e37b215488b81a0fab0e8caa991010a4e053ba0e001de0b02c46a420622c
  original:
    hackage: regex-pcre-builtin-0.95.1.1.8.43
- completed:
    hackage: regex-base-0.94.0.0@sha256:44aa95ca762294ffbb28cf0af9c567d93b5d2c56e4f38ce5385a257d899f968e,2253
    pantry-tree:
      size: 483
      sha256: 627ad9d564650590654720934224090a4e8fc3225e84a7fd1af83bc86b2d446a
  original:
    hackage: regex-base-0.94.0.0
- completed:
    hackage: texmath-0.12@sha256:148a7cf41aaba411a3a7b8e6995bcf7a29fc499af64b2320eb573fbd1c15d209,6565
    pantry-tree:
      size: 273835
      sha256: b2d6e699481f7b7aa784ca357b9dc28d0724bed46ab6a64a37250467341cd69f
  original:
    hackage: texmath-0.12
- completed:
    hackage: HsYAML-0.2.1.0@sha256:6e63cbc919543c5a837040f063e96fe0a4e43bef8ab3c057cef8f122396fdc2d,5469
    pantry-tree:
      size: 1340
      sha256: 77d9299977dfbc7836cbbcb51fe890bb70d485d9dd89a3bbe54822635faa8108
  original:
    hackage: HsYAML-0.2.1.0
- completed:
    hackage: skylighting-core-0.8.2.3@sha256:3de402288d8748a334461a73bbbbdc0bc92a8533c983bfaeb7017d4653e283e6,8058
    pantry-tree:
      size: 13279
      sha256: 0f0b529476c5a27fb183dda7bf79e10c129913b7c6bbf15c88ff45e1a8ae7060
  original:
    hackage: skylighting-core-0.8.2.3
- completed:
    hackage: skylighting-0.8.2.3@sha256:8155893fe493dbd64367573f6f87338375f50f7003a8cc7ef8ae3836aea52a29,9730
    pantry-tree:
      size: 10380
      sha256: 0911ba325ed110eb7601f9361ae6cf10b026860f2149979e6d697181cf10ab9b
  original:
    hackage: skylighting-0.8.2.3
- completed:
    hackage: Cabal-3.2.0.0@sha256:d0d7a1f405f25d0000f5ddef684838bc264842304fd4e7f80ca92b997b710874,27320
    pantry-tree:
      size: 40963
      sha256: b122f2d76dc82a350d3986fa0cbc4ecf9c3bb4f9c598ccbfb3b2bfdde02f3698
  original:
    hackage: Cabal-3.2.0.0@sha256:d0d7a1f405f25d0000f5ddef684838bc264842304fd4e7f80ca92b997b710874,27320
- completed:
    hackage: cmark-gfm-0.2.1@sha256:f49c10f6f1f8f41cb5d47e69ad6593dc45d2b28a083bbe22926d9f5bebf479b5,5191
    pantry-tree:
      size: 4555
      sha256: 309d25e57e2c6d43834accc1f3a0f79150b9646f412957488d100e9cf7c37100
  original:
    hackage: cmark-gfm-0.2.1@sha256:f49c10f6f1f8f41cb5d47e69ad6593dc45d2b28a083bbe22926d9f5bebf479b5,5191
- completed:
    hackage: hslua-1.0.3.2@sha256:8db3f80f52e8382c3ec6801742a13649cc2bf82cf55b6ac288a47512a6cc3b33,9685
    pantry-tree:
      size: 6706
      sha256: 3493a73e9d9a81402108d36e5b87fc688b7e0da0f29fce8f9a16d613b8d8e060
  original:
    hackage: hslua-1.0.3.2@sha256:8db3f80f52e8382c3ec6801742a13649cc2bf82cf55b6ac288a47512a6cc3b33,9685
- completed:
    hackage: hslua-module-system-0.2.2@sha256:d2c038426070af21fbce2119c069b62acecb0dddbfb04dd8c6a5889af6b878c8,2856
    pantry-tree:
      size: 501
      sha256: 8860ce6c117b8f455eb866cfd963ff3ea1204b6e3ef853019303b8127971499f
  original:
    hackage: hslua-module-system-0.2.2@sha256:d2c038426070af21fbce2119c069b62acecb0dddbfb04dd8c6a5889af6b878c8,2856
- completed:
    hackage: hslua-module-text-0.2.1@sha256:c97f7fea92d12cfc9923d6bf893a6b3918bda756893a8db7840349ff3199b054,1653
    pantry-tree:
      size: 415
      sha256: c3620d1c0f4b4626c9364c18786fb3af2fac578874da578e5e96b4d9abfee175
  original:
    hackage: hslua-module-text-0.2.1@sha256:c97f7fea92d12cfc9923d6bf893a6b3918bda756893a8db7840349ff3199b054,1653
- completed:
    hackage: ipynb-0.1.0.1@sha256:a47dfd685f83fe42034340397a78c8dacf70628bf9a7a88392f2dcbb79fb88aa,1930
    pantry-tree:
      size: 813
      sha256: 6dc5be2701f9fb53fbad730d0baa4b0044ca4af1dbcb2c131d5981aea53b52fc
  original:
    hackage: ipynb-0.1.0.1@sha256:a47dfd685f83fe42034340397a78c8dacf70628bf9a7a88392f2dcbb79fb88aa,1930
- completed:
    hackage: text-1.2.4.0@sha256:8c24450feb8e3bbb7ea3e17af24ef57e85db077c4bf53e5bcc345b283d1b1d5b,10081
    pantry-tree:
      size: 7457
      sha256: 3437b0a73ce2ae1a81aa8b3438d41a85981c00894cdbee0d6d6d6873046a5d5d
  original:
    hackage: text-1.2.4.0@sha256:8c24450feb8e3bbb7ea3e17af24ef57e85db077c4bf53e5bcc345b283d1b1d5b,10081
snapshots:
- completed:
    size: 525663
    url: https://raw.githubusercontent.com/commercialhaskell/stackage-snapshots/master/lts/14/14.yaml
    sha256: 6edc48df46eb8bf7b861e98dd30d021a92c2e1820c9bb6528aac5d997b0e14ef
  original: lts-14.14
